
Microsoft Visual Studio Solution File, Format Version 12.00
Project("{FAE04EC0-301F-11D3-BF4B-00C04F79EFBC}") = "volume_config", "volume_config\volume_config.csproj", "{0BCA8B62-5924-4915-A475-7B04C43904B7}"
EndProject
Global
	GlobalSection(SolutionConfigurationPlatforms) = preSolution
		Debug|Any CPU = Debug|Any CPU
		Release|Any CPU = Release|Any CPU
	EndGlobalSection
	GlobalSection(ProjectConfigurationPlatforms) = postSolution
		{0BCA8B62-5924-4915-A475-7B04C43904B7}.Debug|Any CPU.ActiveCfg = Debug|Any CPU
		{0BCA8B62-5924-4915-A475-7B04C43904B7}.Debug|Any CPU.Build.0 = Debug|Any CPU
		{0BCA8B62-5924-4915-A475-7B04C43904B7}.Release|Any CPU.ActiveCfg = Release|Any CPU
		{0BCA8B62-5924-4915-A475-7B04C43904B7}.Release|Any CPU.Build.0 = Release|Any CPU
	EndGlobalSection
EndGlobal
